
Microsoft Visual Studio Solution File, Format Version 12.00
# Visual Studio Version 17
VisualStudioVersion = 17.9.34622.214
MinimumVisualStudioVersion = 10.0.40219.1
Project("{2150E333-8FDC-42A3-9474-1A3956D46DE8}") = "Bootstrapper", "Bootstrapper", "{A342BAB1-1D2A-4D68-99F7-09492E4F245D}"
EndProject
Project("{2150E333-8FDC-42A3-9474-1A3956D46DE8}") = "Modules", "Modules", "{34512C6E-6B3A-4342-9D64-61901C9CC848}"
EndProject
Project("{2150E333-8FDC-42A3-9474-1A3956D46DE8}") = "Shared", "Shared", "{649D545F-5535-4F7D-AE96-8C73A3026F58}"
EndProject
Project("{9A19103F-16F7-4668-BE54-9A1E7A4F7556}") = "Api", "Bootstrapper\Api\Api.csproj", "{11F69B85-F129-4737-9C3B-1CB1BD31CB04}"
EndProject
Project("{2150E333-8FDC-42A3-9474-1A3956D46DE8}") = "Basket", "Basket", "{373A3106-1EE8-4294-828E-CE5E71DBAA55}"
EndProject
Project("{2150E333-8FDC-42A3-9474-1A3956D46DE8}") = "Catalog", "Catalog", "{F6ACDC70-3C65-45B1-8FC1-E20567593208}"
EndProject
Project("{2150E333-8FDC-42A3-9474-1A3956D46DE8}") = "Ordering", "Ordering", "{24815989-F506-4F9E-A347-EB2A85647FB3}"
EndProject
Project("{FAE04EC0-301F-11D3-BF4B-00C04F79EFBC}") = "Catalog", "Modules\Catalog\Catalog\Catalog.csproj", "{85764F9A-E78B-446C-A7F1-6BE843C2DE05}"
EndProject
Project("{FAE04EC0-301F-11D3-BF4B-00C04F79EFBC}") = "Basket", "Modules\Basket\Basket\Basket.csproj", "{5CD2C0C2-DFD1-4DC9-81A1-78D32ADE21FD}"
EndProject
Project("{FAE04EC0-301F-11D3-BF4B-00C04F79EFBC}") = "Ordering", "Modules\Ordering\Ordering\Ordering.csproj", "{04222592-E83B-4069-8DE4-D45A615D7EAC}"
EndProject
Project("{FAE04EC0-301F-11D3-BF4B-00C04F79EFBC}") = "Shared", "Shared\Shared\Shared.csproj", "{6751C237-023B-499B-A714-6EC6316C72FE}"
EndProject
Global
	GlobalSection(SolutionConfigurationPlatforms) = preSolution
		Debug|Any CPU = Debug|Any CPU
		Release|Any CPU = Release|Any CPU
	EndGlobalSection
	GlobalSection(ProjectConfigurationPlatforms) = postSolution
		{11F69B85-F129-4737-9C3B-1CB1BD31CB04}.Debug|Any CPU.ActiveCfg = Debug|Any CPU
		{11F69B85-F129-4737-9C3B-1CB1BD31CB04}.Debug|Any CPU.Build.0 = Debug|Any CPU
		{11F69B85-F129-4737-9C3B-1CB1BD31CB04}.Release|Any CPU.ActiveCfg = Release|Any CPU
		{11F69B85-F129-4737-9C3B-1CB1BD31CB04}.Release|Any CPU.Build.0 = Release|Any CPU
		{85764F9A-E78B-446C-A7F1-6BE843C2DE05}.Debug|Any CPU.ActiveCfg = Debug|Any CPU
		{85764F9A-E78B-446C-A7F1-6BE843C2DE05}.Debug|Any CPU.Build.0 = Debug|Any CPU
		{85764F9A-E78B-446C-A7F1-6BE843C2DE05}.Release|Any CPU.ActiveCfg = Release|Any CPU
		{85764F9A-E78B-446C-A7F1-6BE843C2DE05}.Release|Any CPU.Build.0 = Release|Any CPU
		{5CD2C0C2-DFD1-4DC9-81A1-78D32ADE21FD}.Debug|Any CPU.ActiveCfg = Debug|Any CPU
		{5CD2C0C2-DFD1-4DC9-81A1-78D32ADE21FD}.Debug|Any CPU.Build.0 = Debug|Any CPU
		{5CD2C0C2-DFD1-4DC9-81A1-78D32ADE21FD}.Release|Any CPU.ActiveCfg = Release|Any CPU
		{5CD2C0C2-DFD1-4DC9-81A1-78D32ADE21FD}.Release|Any CPU.Build.0 = Release|Any CPU
		{04222592-E83B-4069-8DE4-D45A615D7EAC}.Debug|Any CPU.ActiveCfg = Debug|Any CPU
		{04222592-E83B-4069-8DE4-D45A615D7EAC}.Debug|Any CPU.Build.0 = Debug|Any CPU
		{04222592-E83B-4069-8DE4-D45A615D7EAC}.Release|Any CPU.ActiveCfg = Release|Any CPU
		{04222592-E83B-4069-8DE4-D45A615D7EAC}.Release|Any CPU.Build.0 = Release|Any CPU
		{6751C237-023B-499B-A714-6EC6316C72FE}.Debug|Any CPU.ActiveCfg = Debug|Any CPU
		{6751C237-023B-499B-A714-6EC6316C72FE}.Debug|Any CPU.Build.0 = Debug|Any CPU
		{6751C237-023B-499B-A714-6EC6316C72FE}.Release|Any CPU.ActiveCfg = Release|Any CPU
		{6751C237-023B-499B-A714-6EC6316C72FE}.Release|Any CPU.Build.0 = Release|Any CPU
	EndGlobalSection
	GlobalSection(SolutionProperties) = preSolution
		HideSolutionNode = FALSE
	EndGlobalSection
	GlobalSection(NestedProjects) = preSolution
		{11F69B85-F129-4737-9C3B-1CB1BD31CB04} = {A342BAB1-1D2A-4D68-99F7-09492E4F245D}
		{373A3106-1EE8-4294-828E-CE5E71DBAA55} = {34512C6E-6B3A-4342-9D64-61901C9CC848}
		{F6ACDC70-3C65-45B1-8FC1-E20567593208} = {34512C6E-6B3A-4342-9D64-61901C9CC848}
		{24815989-F506-4F9E-A347-EB2A85647FB3} = {34512C6E-6B3A-4342-9D64-61901C9CC848}
		{85764F9A-E78B-446C-A7F1-6BE843C2DE05} = {F6ACDC70-3C65-45B1-8FC1-E20567593208}
		{5CD2C0C2-DFD1-4DC9-81A1-78D32ADE21FD} = {373A3106-1EE8-4294-828E-CE5E71DBAA55}
		{04222592-E83B-4069-8DE4-D45A615D7EAC} = {24815989-F506-4F9E-A347-EB2A85647FB3}
		{6751C237-023B-499B-A714-6EC6316C72FE} = {649D545F-5535-4F7D-AE96-8C73A3026F58}
	EndGlobalSection
	GlobalSection(ExtensibilityGlobals) = postSolution
		SolutionGuid = {7C4EFF66-D61E-4111-AAC4-592357F397F9}
	EndGlobalSection
EndGlobal
